
Microsoft Visual Studio Solution File, Format Version 12.00
# Visual Studio 15
VisualStudioVersion = 15.0.28010.2019
MinimumVisualStudioVersion = 10.0.40219.1
Project("{FAE04EC0-301F-11D3-BF4B-00C04F79EFBC}") = "Lab05_Tyshchenko", "Lab05_Tyshchenko\Lab05_Tyshchenko.csproj", "{6E46C24F-9C2D-4E7E-9242-B16F26874E6D}"
EndProject
Global
	GlobalSection(SolutionConfigurationPlatforms) = preSolution
		Debug|Any CPU = Debug|Any CPU
		Release|Any CPU = Release|Any CPU
	EndGlobalSection
	GlobalSection(ProjectConfigurationPlatforms) = postSolution
		{6E46C24F-9C2D-4E7E-9242-B16F26874E6D}.Debug|Any CPU.ActiveCfg = Debug|Any CPU
		{6E46C24F-9C2D-4E7E-9242-B16F26874E6D}.Debug|Any CPU.Build.0 = Debug|Any CPU
		{6E46C24F-9C2D-4E7E-9242-B16F26874E6D}.Release|Any CPU.ActiveCfg = Release|Any CPU
		{6E46C24F-9C2D-4E7E-9242-B16F26874E6D}.Release|Any CPU.Build.0 = Release|Any CPU
	EndGlobalSection
	GlobalSection(SolutionProperties) = preSolution
		HideSolutionNode = FALSE
	EndGlobalSection
	GlobalSection(ExtensibilityGlobals) = postSolution
		SolutionGuid = {0E7C74FF-081A-4E7B-B429-C8B813717E69}
	EndGlobalSection
EndGlobal
